
Microsoft Visual Studio Solution File, Format Version 12.00
# Visual Studio Version 17
VisualStudioVersion = 17.4.33110.190
MinimumVisualStudioVersion = 10.0.40219.1
Project("{FAE04EC0-301F-11D3-BF4B-00C04F79EFBC}") = "Enrollment", "Enrollment\Enrollment.csproj", "{C5461521-C464-4A7F-A8B3-E4F0F912AC5C}"
EndProject
Global
	GlobalSection(SolutionConfigurationPlatforms) = preSolution
		Debug|Any CPU = Debug|Any CPU
		Release|Any CPU = Release|Any CPU
	EndGlobalSection
	GlobalSection(ProjectConfigurationPlatforms) = postSolution
		{C5461521-C464-4A7F-A8B3-E4F0F912AC5C}.Debug|Any CPU.ActiveCfg = Debug|Any CPU
		{C5461521-C464-4A7F-A8B3-E4F0F912AC5C}.Debug|Any CPU.Build.0 = Debug|Any CPU
		{C5461521-C464-4A7F-A8B3-E4F0F912AC5C}.Release|Any CPU.ActiveCfg = Release|Any CPU
		{C5461521-C464-4A7F-A8B3-E4F0F912AC5C}.Release|Any CPU.Build.0 = Release|Any CPU
	EndGlobalSection
	GlobalSection(SolutionProperties) = preSolution
		HideSolutionNode = FALSE
	EndGlobalSection
	GlobalSection(ExtensibilityGlobals) = postSolution
		SolutionGuid = {09DBBF84-E282-4F09-B215-885C7215BE93}
	EndGlobalSection
EndGlobal
